github.com/ahatdemirezen/text-to-ascii-art v0.0.0-20240402132655-ad39b8b1eee4 h1:iU/ah/DmC46kaHM7anJbG7fPOWNLJRFY8j8urHtxIUE=
github.com/ahatdemirezen/text-to-ascii-art v0.0.0-20240402132655-ad39b8b1eee4/go.mod h1:7Fj15cCSP9pTLIvj0lTYba67bbZ15mcfCD2sX6Ov5bw=
github.com/common-nighthawk/go-figure v0.0.0-20210622060536-734e95fb86be h1:J5BL2kskAlV9ckgEsNQXscjIaLiOYiZ75d4e94E6dcQ=
github.com/common-nighthawk/go-figure v0.0.0-20210622060536-734e95fb86be/go.mod h1:mk5IQ+Y0ZeO87b858TlA645sVcEcbiX6YqP98kt+7+w=
